// !$*UTF8*$!
{
	archiveVersion = 1;
	classes = {
	};
	objectVersion = 50;
	objects = {

/* Begin PBXBuildFile section */
		FAE0EC7024B1133300C72FEE /* AppDelegate.swift in Sources */ = {isa = PBXBuildFile; fileRef = FAE0EC6F24B1133300C72FEE /* AppDelegate.swift */; };
		FAE0EC7224B1133300C72FEE /* SceneDelegate.swift in Sources */ = {isa = PBXBuildFile; fileRef = FAE0EC7124B1133300C72FEE /* SceneDelegate.swift */; };
		FAE0EC7524B1133300C72FEE /* hotdog.xcdatamodeld in Sources */ = {isa = PBXBuildFile; fileRef = FAE0EC7324B1133300C72FEE /* hotdog.xcdatamodeld */; };
		FAE0EC7724B1133300C72FEE /* ContentView.swift in Sources */ = {isa = PBXBuildFile; fileRef = FAE0EC7624B1133300C72FEE /* ContentView.swift */; };
		FAE0EC7924B1133400C72FEE /* Assets.xcassets in Resources */ = {isa = PBXBuildFile; fileRef = FAE0EC7824B1133400C72FEE /* Assets.xcassets */; };
		FAE0EC7C24B1133400C72FEE /* Preview Assets.xcassets in Resources */ = {isa = PBXBuildFile; fileRef = FAE0EC7B24B1133400C72FEE /* Preview Assets.xcassets */; };
		FAE0EC7F24B1133400C72FEE /* LaunchScreen.storyboard in Resources */ = {isa = PBXBuildFile; fileRef = FAE0EC7D24B1133400C72FEE /* LaunchScreen.storyboard */; };
/* End PBXBuildFile section */

/* Begin PBXFileReference section */
		FAE0EC6C24B1133300C72FEE /* hotdog.app */ = {isa = PBXFileReference; explicitFileType = wrapper.application; includeInIndex = 0; path = hotdog.app; sourceTree = BUILT_PRODUCTS_DIR; };
		FAE0EC6F24B1133300C72FEE /* AppDelegate.swift */ = {isa = PBXFileReference; lastKnownFileType = sourcecode.swift; path = AppDelegate.swift; sourceTree = "<group>"; };
		FAE0EC7124B1133300C72FEE /* SceneDelegate.swift */ = {isa = PBXFileReference; lastKnownFileType = sourcecode.swift; path = SceneDelegate.swift; sourceTree = "<group>"; };
		FAE0EC7424B1133300C72FEE /* hotdog.xcdatamodel */ = {isa = PBXFileReference; lastKnownFileType = wrapper.xcdatamodel; path = hotdog.xcdatamodel; sourceTree = "<group>"; };
		FAE0EC7624B1133300C72FEE /* ContentView.swift */ = {isa = PBXFileReference; lastKnownFileType = sourcecode.swift; path = ContentView.swift; sourceTree = "<group>"; };
		FAE0EC7824B1133400C72FEE /* Assets.xcassets */ = {isa = PBXFileReference; lastKnownFileType = folder.assetcatalog; path = Assets.xcassets; sourceTree = "<group>"; };
		FAE0EC7B24B1133400C72FEE /* Preview Assets.xcassets */ = {isa = PBXFileReference; lastKnownFileType = folder.assetcatalog; path = "Preview Assets.xcassets"; sourceTree = "<group>"; };
		FAE0EC7E24B1133400C72FEE /* Base */ = {isa = PBXFileReference; lastKnownFileType = file.storyboard; name = Base; path = Base.lproj/LaunchScreen.storyboard; sourceTree = "<group>"; };
		FAE0EC8024B1133400C72FEE /* Info.plist */ = {isa = PBXFileReference; lastKnownFileType = text.plist.xml; path = Info.plist; sourceTree = "<group>"; };
/* End PBXFileReference section */

/* Begin PBXFrameworksBuildPhase section */
		FAE0EC6924B1133300C72FEE /* Frameworks */ = {
			isa = PBXFrameworksBuildPhase;
			buildActionMask = 2147483647;
			files = (
			);
			runOnlyForDeploymentPostprocessing = 0;
		};
/* End PBXFrameworksBuildPhase section */

/* Begin PBXGroup section */
		FAE0EC6324B1133300C72FEE = {
			isa = PBXGroup;
			children = (
				FAE0EC6E24B1133300C72FEE /* hotdog */,
				FAE0EC6D24B1133300C72FEE /* Products */,
			);
			sourceTree = "<group>";
		};
		FAE0EC6D24B1133300C72FEE /* Products */ = {
			isa = PBXGroup;
			children = (
				FAE0EC6C24B1133300C72FEE /* hotdog.app */,
			);
			name = Products;
			sourceTree = "<group>";
		};
		FAE0EC6E24B1133300C72FEE /* hotdog */ = {
			isa = PBXGroup;
			children = (
				FAE0EC6F24B1133300C72FEE /* AppDelegate.swift */,
				FAE0EC7124B1133300C72FEE /* SceneDelegate.swift */,
				FAE0EC7624B1133300C72FEE /* ContentView.swift */,
				FAE0EC7824B1133400C72FEE /* Assets.xcassets */,
				FAE0EC7D24B1133400C72FEE /* LaunchScreen.storyboard */,
				FAE0EC8024B1133400C72FEE /* Info.plist */,
				FAE0EC7324B1133300C72FEE /* hotdog.xcdatamodeld */,
				FAE0EC7A24B1133400C72FEE /* Preview Content */,
			);
			path = hotdog;
			sourceTree = "<group>";
		};
		FAE0EC7A24B1133400C72FEE /* Preview Content */ = {
			isa = PBXGroup;
			children = (
				FAE0EC7B24B1133400C72FEE /* Preview Assets.xcassets */,
			);
			path = "Preview Content";
			sourceTree = "<group>";
		};
/* End PBXGroup section */

/* Begin PBXNativeTarget section */
		FAE0EC6B24B1133300C72FEE /* hotdog */ = {
			isa = PBXNativeTarget;
			buildConfigurationList = FAE0EC8324B1133400C72FEE /* Build configuration list for PBXNativeTarget "hotdog" */;
			buildPhases = (
				FAE0EC6824B1133300C72FEE /* Sources */,
				FAE0EC6924B1133300C72FEE /* Frameworks */,
				FAE0EC6A24B1133300C72FEE /* Resources */,
			);
			buildRules = (
			);
			dependencies = (
			);
			name = hotdog;
			productName = hotdog;
			productReference = FAE0EC6C24B1133300C72FEE /* hotdog.app */;
			productType = "com.apple.product-type.application";
		};
/* End PBXNativeTarget section */

/* Begin PBXProject section */
		FAE0EC6424B1133300C72FEE /* Project object */ = {
			isa = PBXProject;
			attributes = {
				LastSwiftUpdateCheck = 1150;
				LastUpgradeCheck = 1150;
				ORGANIZATIONNAME = "Jan Sandau";
				TargetAttributes = {
					FAE0EC6B24B1133300C72FEE = {
						CreatedOnToolsVersion = 11.5;
					};
				};
			};
			buildConfigurationList = FAE0EC6724B1133300C72FEE /* Build configuration list for PBXProject "hotdog" */;
			compatibilityVersion = "Xcode 9.3";
			developmentRegion = en;
			hasScannedForEncodings = 0;
			knownRegions = (
				en,
				Base,
			);
			mainGroup = FAE0EC6324B1133300C72FEE;
			productRefGroup = FAE0EC6D24B1133300C72FEE /* Products */;
			projectDirPath = "";
			projectRoot = "";
			targets = (
				FAE0EC6B24B1133300C72FEE /* hotdog */,
			);
		};
/* End PBXProject section */

/* Begin PBXResourcesBuildPhase section */
		FAE0EC6A24B1133300C72FEE /* Resources */ = {
			isa = PBXResourcesBuildPhase;
			buildActionMask = 2147483647;
			files = (
				FAE0EC7F24B1133400C72FEE /* LaunchScreen.storyboard in Resources */,
				FAE0EC7C24B1133400C72FEE /* Preview Assets.xcassets in Resources */,
				FAE0EC7924B1133400C72FEE /* Assets.xcassets in Resources */,
			);
			runOnlyForDeploymentPostprocessing = 0;
		};
/* End PBXResourcesBuildPhase section */

/* Begin PBXSourcesBuildPhase section */
		FAE0EC6824B1133300C72FEE /* Sources */ = {
			isa = PBXSourcesBuildPhase;
			buildActionMask = 2147483647;
			files = (
				FAE0EC7524B1133300C72FEE /* hotdog.xcdatamodeld in Sources */,
				FAE0EC7024B1133300C72FEE /* AppDelegate.swift in Sources */,
				FAE0EC7724B1133300C72FEE /* ContentView.swift in Sources */,
				FAE0EC7224B1133300C72FEE /* SceneDelegate.swift in Sources */,
			);
			runOnlyForDeploymentPostprocessing = 0;
		};
/* End PBXSourcesBuildPhase section */

/* Begin PBXVariantGroup section */
		FAE0EC7D24B1133400C72FEE /* LaunchScreen.storyboard */ = {
			isa = PBXVariantGroup;
			children = (
				FAE0EC7E24B1133400C72FEE /* Base */,
			);
			name = LaunchScreen.storyboard;
			sourceTree = "<group>";
		};
/* End PBXVariantGroup section */

/* Begin XCBuildConfiguration section */
		FAE0EC8124B1133400C72FEE /* Debug */ = {
			isa = XCBuildConfiguration;
			buildSettings = {
				ALWAYS_SEARCH_USER_PATHS = NO;
				CLANG_ANALYZER_NONNULL = YES;
				CLANG_ANALYZER_NUMBER_OBJECT_CONVERSION = YES_AGGRESSIVE;
				CLANG_CXX_LANGUAGE_STANDARD = "gnu++14";
				CLANG_CXX_LIBRARY = "libc++";
				CLANG_ENABLE_MODULES = YES;
				CLANG_ENABLE_OBJC_ARC = YES;
				CLANG_ENABLE_OBJC_WEAK = YES;
				CLANG_WARN_BLOCK_CAPTURE_AUTORELEASING = YES;
				CLANG_WARN_BOOL_CONVERSION = YES;
				CLANG_WARN_COMMA = YES;
				CLANG_WARN_CONSTANT_CONVERSION = YES;
				CLANG_WARN_DEPRECATED_OBJC_IMPLEMENTATIONS = YES;
				CLANG_WARN_DIRECT_OBJC_ISA_USAGE = YES_ERROR;
				CLANG_WARN_DOCUMENTATION_COMMENTS = YES;
				CLANG_WARN_EMPTY_BODY = YES;
				CLANG_WARN_ENUM_CONVERSION = YES;
				CLANG_WARN_INFINITE_RECURSION = YES;
				CLANG_WARN_INT_CONVERSION = YES;
				CLANG_WARN_NON_LITERAL_NULL_CONVERSION = YES;
				CLANG_WARN_OBJC_IMPLICIT_RETAIN_SELF = YES;
				CLANG_WARN_OBJC_LITERAL_CONVERSION = YES;
				CLANG_WARN_OBJC_ROOT_CLASS = YES_ERROR;
				CLANG_WARN_RANGE_LOOP_ANALYSIS = YES;
				CLANG_WARN_STRICT_PROTOTYPES = YES;
				CLANG_WARN_SUSPICIOUS_MOVE = YES;
				CLANG_WARN_UNGUARDED_AVAILABILITY = YES_AGGRESSIVE;
				CLANG_WARN_UNREACHABLE_CODE = YES;
				CLANG_WARN__DUPLICATE_METHOD_MATCH = YES;
				COPY_PHASE_STRIP = NO;
				DEBUG_INFORMATION_FORMAT = dwarf;
				ENABLE_STRICT_OBJC_MSGSEND = YES;
				ENABLE_TESTABILITY = YES;
				GCC_C_LANGUAGE_STANDARD = gnu11;
				GCC_DYNAMIC_NO_PIC = NO;
				GCC_NO_COMMON_BLOCKS = YES;
				GCC_OPTIMIZATION_LEVEL = 0;
				GCC_PREPROCESSOR_DEFINITIONS = (
					"DEBUG=1",
					"$(inherited)",
				);
				GCC_WARN_64_TO_32_BIT_CONVERSION = YES;
				GCC_WARN_ABOUT_RETURN_TYPE = YES_ERROR;
				GCC_WARN_UNDECLARED_SELECTOR = YES;
				GCC_WARN_UNINITIALIZED_AUTOS = YES_AGGRESSIVE;
				GCC_WARN_UNUSED_FUNCTION = YES;
				GCC_WARN_UNUSED_VARIABLE = YES;
				IPHONEOS_DEPLOYMENT_TARGET = 13.5;
				MTL_ENABLE_DEBUG_INFO = INCLUDE_SOURCE;
				MTL_FAST_MATH = YES;
				ONLY_ACTIVE_ARCH = YES;
				SDKROOT = iphoneos;
				SWIFT_ACTIVE_COMPILATION_CONDITIONS = DEBUG;
				SWIFT_OPTIMIZATION_LEVEL = "-Onone";
			};
			name = Debug;
		};
		FAE0EC8224B1133400C72FEE /* Release */ = {
			isa = XCBuildConfiguration;
			buildSettings = {
				ALWAYS_SEARCH_USER_PATHS = NO;
				CLANG_ANALYZER_NONNULL = YES;
				CLANG_ANALYZER_NUMBER_OBJECT_CONVERSION = YES_AGGRESSIVE;
				CLANG_CXX_LANGUAGE_STANDARD = "gnu++14";
				CLANG_CXX_LIBRARY = "libc++";
				CLANG_ENABLE_MODULES = YES;
				CLANG_ENABLE_OBJC_ARC = YES;
				CLANG_ENABLE_OBJC_WEAK = YES;
				CLANG_WARN_BLOCK_CAPTURE_AUTORELEASING = YES;
				CLANG_WARN_BOOL_CONVERSION = YES;
				CLANG_WARN_COMMA = YES;
				CLANG_WARN_CONSTANT_CONVERSION = YES;
				CLANG_WARN_DEPRECATED_OBJC_IMPLEMENTATIONS = YES;
				CLANG_WARN_DIRECT_OBJC_ISA_USAGE = YES_ERROR;
				CLANG_WARN_DOCUMENTATION_COMMENTS = YES;
				CLANG_WARN_EMPTY_BODY = YES;
				CLANG_WARN_ENUM_CONVERSION = YES;
				CLANG_WARN_INFINITE_RECURSION = YES;
				CLANG_WARN_INT_CONVERSION = YES;
				CLANG_WARN_NON_LITERAL_NULL_CONVERSION = YES;
				CLANG_WARN_OBJC_IMPLICIT_RETAIN_SELF = YES;
				CLANG_WARN_OBJC_LITERAL_CONVERSION = YES;
				CLANG_WARN_OBJC_ROOT_CLASS = YES_ERROR;
				CLANG_WARN_RANGE_LOOP_ANALYSIS = YES;
				CLANG_WARN_STRICT_PROTOTYPES = YES;
				CLANG_WARN_SUSPICIOUS_MOVE = YES;
				CLANG_WARN_UNGUARDED_AVAILABILITY = YES_AGGRESSIVE;
				CLANG_WARN_UNREACHABLE_CODE = YES;
				CLANG_WARN__DUPLICATE_METHOD_MATCH = YES;
				COPY_PHASE_STRIP = NO;
				DEBUG_INFORMATION_FORMAT = "dwarf-with-dsym";
				ENABLE_NS_ASSERTIONS = NO;
				ENABLE_STRICT_OBJC_MSGSEND = YES;
				GCC_C_LANGUAGE_STANDARD = gnu11;
				GCC_NO_COMMON_BLOCKS = YES;
				GCC_WARN_64_TO_32_BIT_CONVERSION = YES;
				GCC_WARN_ABOUT_RETURN_TYPE = YES_ERROR;
				GCC_WARN_UNDECLARED_SELECTOR = YES;
				GCC_WARN_UNINITIALIZED_AUTOS = YES_AGGRESSIVE;
				GCC_WARN_UNUSED_FUNCTION = YES;
				GCC_WARN_UNUSED_VARIABLE = YES;
				IPHONEOS_DEPLOYMENT_TARGET = 13.5;
				MTL_ENABLE_DEBUG_INFO = NO;
				MTL_FAST_MATH = YES;
				SDKROOT = iphoneos;
				SWIFT_COMPILATION_MODE = wholemodule;
				SWIFT_OPTIMIZATION_LEVEL = "-O";
				VALIDATE_PRODUCT = YES;
			};
			name = Release;
		};
		FAE0EC8424B1133400C72FEE /* Debug */ = {
			isa = XCBuildConfiguration;
			buildSettings = {
				ASSETCATALOG_COMPILER_APPICON_NAME = AppIcon;
				CODE_SIGN_STYLE = Automatic;
				DEVELOPMENT_ASSET_PATHS = "\"hotdog/Preview Content\"";
				DEVELOPMENT_TEAM = T3CTEN529X;
				ENABLE_PREVIEWS = YES;
				INFOPLIST_FILE = hotdog/Info.plist;
				LD_RUNPATH_SEARCH_PATHS = (
					"$(inherited)",
					"@executable_path/Frameworks",
				);
				PRODUCT_BUNDLE_IDENTIFIER = jan.sandau.hotdog;
				PRODUCT_NAME = "$(TARGET_NAME)";
				SWIFT_VERSION = 5.0;
				TARGETED_DEVICE_FAMILY = "1,2";
			};
			name = Debug;
		};
		FAE0EC8524B1133400C72FEE /* Release */ = {
			isa = XCBuildConfiguration;
			buildSettings = {
				ASSETCATALOG_COMPILER_APPICON_NAME = AppIcon;
				CODE_SIGN_STYLE = Automatic;
				DEVELOPMENT_ASSET_PATHS = "\"hotdog/Preview Content\"";
				DEVELOPMENT_TEAM = T3CTEN529X;
				ENABLE_PREVIEWS = YES;
				INFOPLIST_FILE = hotdog/Info.plist;
				LD_RUNPATH_SEARCH_PATHS = (
					"$(inherited)",
					"@executable_path/Frameworks",
				);
				PRODUCT_BUNDLE_IDENTIFIER = jan.sandau.hotdog;
				PRODUCT_NAME = "$(TARGET_NAME)";
				SWIFT_VERSION = 5.0;
				TARGETED_DEVICE_FAMILY = "1,2";
			};
			name = Release;
		};
/* End XCBuildConfiguration section */

/* Begin XCConfigurationList section */
		FAE0EC6724B1133300C72FEE /* Build configuration list for PBXProject "hotdog" */ = {
			isa = XCConfigurationList;
			buildConfigurations = (
				FAE0EC8124B1133400C72FEE /* Debug */,
				FAE0EC8224B1133400C72FEE /* Release */,
			);
			defaultConfigurationIsVisible = 0;
			defaultConfigurationName = Release;
		};
		FAE0EC8324B1133400C72FEE /* Build configuration list for PBXNativeTarget "hotdog" */ = {
			isa = XCConfigurationList;
			buildConfigurations = (
				FAE0EC8424B1133400C72FEE /* Debug */,
				FAE0EC8524B1133400C72FEE /* Release */,
			);
			defaultConfigurationIsVisible = 0;
			defaultConfigurationName = Release;
		};
/* End XCConfigurationList section */

/* Begin XCVersionGroup section */
		FAE0EC7324B1133300C72FEE /* hotdog.xcdatamodeld */ = {
			isa = XCVersionGroup;
			children = (
				FAE0EC7424B1133300C72FEE /* hotdog.xcdatamodel */,
			);
			currentVersion = FAE0EC7424B1133300C72FEE /* hotdog.xcdatamodel */;
			path = hotdog.xcdatamodeld;
			sourceTree = "<group>";
			versionGroupType = wrapper.xcdatamodel;
		};
/* End XCVersionGroup section */
	};
	rootObject = FAE0EC6424B1133300C72FEE /* Project object */;
}
